// !$*UTF8*$!
{
	archiveVersion = 1;
	classes = {
	};
	objectVersion = 56;
	objects = {

/* Begin PBXBuildFile section */
		64218EB32C318BF600DB22B9 /* LoadingBar.swift in Sources */ = {isa = PBXBuildFile; fileRef = 64218EB22C318BF600DB22B9 /* LoadingBar.swift */; };
		64218EB52C318D8B00DB22B9 /* CountTimer.swift in Sources */ = {isa = PBXBuildFile; fileRef = 64218EB42C318D8B00DB22B9 /* CountTimer.swift */; };
		64218EB72C318DFF00DB22B9 /* StroyDetailView.swift in Sources */ = {isa = PBXBuildFile; fileRef = 64218EB62C318DFF00DB22B9 /* StroyDetailView.swift */; };
		64218EBA2C326A2200DB22B9 /* MainCardView.swift in Sources */ = {isa = PBXBuildFile; fileRef = 64218EB92C326A2200DB22B9 /* MainCardView.swift */; };
		64218EBE2C32715A00DB22B9 /* ProductUpLoadView.swift in Sources */ = {isa = PBXBuildFile; fileRef = 64218EBD2C32715A00DB22B9 /* ProductUpLoadView.swift */; };
		64218EC02C32787100DB22B9 /* SelectPhotos.swift in Sources */ = {isa = PBXBuildFile; fileRef = 64218EBF2C32787100DB22B9 /* SelectPhotos.swift */; };
		64218ECB2C32847C00DB22B9 /* TaggingView.swift in Sources */ = {isa = PBXBuildFile; fileRef = 64218ECA2C32847B00DB22B9 /* TaggingView.swift */; };
		64218ECD2C32884A00DB22B9 /* TagView.swift in Sources */ = {isa = PBXBuildFile; fileRef = 64218ECC2C32884A00DB22B9 /* TagView.swift */; };
		64218ED02C32888A00DB22B9 /* Tag.swift in Sources */ = {isa = PBXBuildFile; fileRef = 64218ECF2C32888A00DB22B9 /* Tag.swift */; };
		64218ED42C33BEB500DB22B9 /* LoginVIew.swift in Sources */ = {isa = PBXBuildFile; fileRef = 64218ED32C33BEB500DB22B9 /* LoginVIew.swift */; };
		64218ED72C33C07100DB22B9 /* LoginViewModel.swift in Sources */ = {isa = PBXBuildFile; fileRef = 64218ED62C33C07000DB22B9 /* LoginViewModel.swift */; };
		64218ED92C33C18F00DB22B9 /* Countries.swift in Sources */ = {isa = PBXBuildFile; fileRef = 64218ED82C33C18F00DB22B9 /* Countries.swift */; };
		64218EDB2C33C39100DB22B9 /* CostumNumberPad.swift in Sources */ = {isa = PBXBuildFile; fileRef = 64218EDA2C33C39100DB22B9 /* CostumNumberPad.swift */; };
		64218EDD2C33CA0D00DB22B9 /* Verification.swift in Sources */ = {isa = PBXBuildFile; fileRef = 64218EDC2C33CA0D00DB22B9 /* Verification.swift */; };
		64218EE62C33D44300DB22B9 /* GoogleService-Info.plist in Resources */ = {isa = PBXBuildFile; fileRef = 64218EE52C33D44300DB22B9 /* GoogleService-Info.plist */; };
		64218EEA2C33D51200DB22B9 /* FirebaseAuth in Frameworks */ = {isa = PBXBuildFile; productRef = 64218EE92C33D51200DB22B9 /* FirebaseAuth */; };
		64218EEC2C33D52C00DB22B9 /* FirebaseFirestore in Frameworks */ = {isa = PBXBuildFile; productRef = 64218EEB2C33D52C00DB22B9 /* FirebaseFirestore */; };
		64218EEE2C33D52C00DB22B9 /* FirebaseStorage in Frameworks */ = {isa = PBXBuildFile; productRef = 64218EED2C33D52C00DB22B9 /* FirebaseStorage */; };
		64218EF02C33D6D700DB22B9 /* AlertView.swift in Sources */ = {isa = PBXBuildFile; fileRef = 64218EEF2C33D6D700DB22B9 /* AlertView.swift */; };
		64218EF42C33DBB100DB22B9 /* Home.swift in Sources */ = {isa = PBXBuildFile; fileRef = 64218EF32C33DBB100DB22B9 /* Home.swift */; };
		64251CB72BE3698800D8103A /* MulMulMarketApp.swift in Sources */ = {isa = PBXBuildFile; fileRef = 64251CB62BE3698800D8103A /* MulMulMarketApp.swift */; };
		64251CBB2BE3698C00D8103A /* Assets.xcassets in Resources */ = {isa = PBXBuildFile; fileRef = 64251CBA2BE3698C00D8103A /* Assets.xcassets */; };
		64251CBE2BE3698C00D8103A /* Preview Assets.xcassets in Resources */ = {isa = PBXBuildFile; fileRef = 64251CBD2BE3698C00D8103A /* Preview Assets.xcassets */; };
		64251CC82BE3698C00D8103A /* MulMulMarketTests.swift in Sources */ = {isa = PBXBuildFile; fileRef = 64251CC72BE3698C00D8103A /* MulMulMarketTests.swift */; };
		64251CD22BE3698C00D8103A /* MulMulMarketUITests.swift in Sources */ = {isa = PBXBuildFile; fileRef = 64251CD12BE3698C00D8103A /* MulMulMarketUITests.swift */; };
		64251CD42BE3698C00D8103A /* MulMulMarketUITestsLaunchTests.swift in Sources */ = {isa = PBXBuildFile; fileRef = 64251CD32BE3698C00D8103A /* MulMulMarketUITestsLaunchTests.swift */; };
		64251CE42BE36ACB00D8103A /* Assets.xcassets in Resources */ = {isa = PBXBuildFile; fileRef = 64251CE02BE36ACA00D8103A /* Assets.xcassets */; };
		64251CE52BE36ACB00D8103A /* Colors.xcassets in Resources */ = {isa = PBXBuildFile; fileRef = 64251CE12BE36ACA00D8103A /* Colors.xcassets */; };
		64251CE62BE36ACB00D8103A /* LaunchScreen.storyboard in Resources */ = {isa = PBXBuildFile; fileRef = 64251CE22BE36ACA00D8103A /* LaunchScreen.storyboard */; };
		64804BCE2C2818F900931573 /* Launch.storyboard in Resources */ = {isa = PBXBuildFile; fileRef = 64804BCD2C2818F900931573 /* Launch.storyboard */; };
		64804BD52C281AF500931573 /* ProductData.swift in Sources */ = {isa = PBXBuildFile; fileRef = 64804BD42C281AF500931573 /* ProductData.swift */; };
		64804BD72C28240600931573 /* CardView.swift in Sources */ = {isa = PBXBuildFile; fileRef = 64804BD62C28240600931573 /* CardView.swift */; };
		64804BD92C283BC200931573 /* ContentView.swift in Sources */ = {isa = PBXBuildFile; fileRef = 64804BD82C283BC200931573 /* ContentView.swift */; };
		64804BDB2C283C6A00931573 /* HeaderView.swift in Sources */ = {isa = PBXBuildFile; fileRef = 64804BDA2C283C6A00931573 /* HeaderView.swift */; };
		64804BDD2C284A8400931573 /* FooterView.swift in Sources */ = {isa = PBXBuildFile; fileRef = 64804BDC2C284A8400931573 /* FooterView.swift */; };
		64804BE02C284F3500931573 /* HeaderComponent.swift in Sources */ = {isa = PBXBuildFile; fileRef = 64804BDF2C284F3400931573 /* HeaderComponent.swift */; };
		64804BE22C285AE000931573 /* GuideComponent.swift in Sources */ = {isa = PBXBuildFile; fileRef = 64804BE12C285AE000931573 /* GuideComponent.swift */; };
		64804BE42C285DB300931573 /* GuideView.swift in Sources */ = {isa = PBXBuildFile; fileRef = 64804BE32C285DB300931573 /* GuideView.swift */; };
		64804BE62C2942C200931573 /* infoView.swift in Sources */ = {isa = PBXBuildFile; fileRef = 64804BE52C2942C200931573 /* infoView.swift */; };
		64804BE82C29441000931573 /* TitleModifier.swift in Sources */ = {isa = PBXBuildFile; fileRef = 64804BE72C29441000931573 /* TitleModifier.swift */; };
		64804BEA2C29478B00931573 /* ButtonModifier.swift in Sources */ = {isa = PBXBuildFile; fileRef = 64804BE92C29478B00931573 /* ButtonModifier.swift */; };
		64804BEF2C29742000931573 /* sound-click.mp3 in Resources */ = {isa = PBXBuildFile; fileRef = 64804BEC2C29742000931573 /* sound-click.mp3 */; };
		64804BF02C29742000931573 /* sound-rise.mp3 in Resources */ = {isa = PBXBuildFile; fileRef = 64804BED2C29742000931573 /* sound-rise.mp3 */; };
		64804BF42C29BE9A00931573 /* SymbolModifier.swift in Sources */ = {isa = PBXBuildFile; fileRef = 64804BF32C29BE9900931573 /* SymbolModifier.swift */; };
		64804BF72C2A9AA300931573 /* CardTransition.swift in Sources */ = {isa = PBXBuildFile; fileRef = 64804BF62C2A9AA300931573 /* CardTransition.swift */; };
		64804BFA2C2A9E9A00931573 /* PlaySound.swift in Sources */ = {isa = PBXBuildFile; fileRef = 64804BF92C2A9E9A00931573 /* PlaySound.swift */; };
		64804C022C2AA21900931573 /* sound-click.mp3 in Resources */ = {isa = PBXBuildFile; fileRef = 64804BEC2C29742000931573 /* sound-click.mp3 */; };
		64804C032C2AA21900931573 /* sound-rise.mp3 in Resources */ = {isa = PBXBuildFile; fileRef = 64804BED2C29742000931573 /* sound-rise.mp3 */; };
/* End PBXBuildFile section */

/* Begin PBXContainerItemProxy section */
		64251CC42BE3698C00D8103A /* PBXContainerItemProxy */ = {
			isa = PBXContainerItemProxy;
			containerPortal = 64251CAB2BE3698800D8103A /* Project object */;
			proxyType = 1;
			remoteGlobalIDString = 64251CB22BE3698800D8103A;
			remoteInfo = MulMulMarket;
		};
		64251CCE2BE3698C00D8103A /* PBXContainerItemProxy */ = {
			isa = PBXContainerItemProxy;
			containerPortal = 64251CAB2BE3698800D8103A /* Project object */;
			proxyType = 1;
			remoteGlobalIDString = 64251CB22BE3698800D8103A;
			remoteInfo = MulMulMarket;
		};
/* End PBXContainerItemProxy section */

/* Begin PBXFileReference section */
		64218EB22C318BF600DB22B9 /* LoadingBar.swift */ = {isa = PBXFileReference; lastKnownFileType = sourcecode.swift; path = LoadingBar.swift; sourceTree = "<group>"; };
		64218EB42C318D8B00DB22B9 /* CountTimer.swift */ = {isa = PBXFileReference; lastKnownFileType = sourcecode.swift; path = CountTimer.swift; sourceTree = "<group>"; };
		64218EB62C318DFF00DB22B9 /* StroyDetailView.swift */ = {isa = PBXFileReference; lastKnownFileType = sourcecode.swift; path = StroyDetailView.swift; sourceTree = "<group>"; };
		64218EB92C326A2200DB22B9 /* MainCardView.swift */ = {isa = PBXFileReference; lastKnownFileType = sourcecode.swift; path = MainCardView.swift; sourceTree = "<group>"; };
		64218EBD2C32715A00DB22B9 /* ProductUpLoadView.swift */ = {isa = PBXFileReference; lastKnownFileType = sourcecode.swift; path = ProductUpLoadView.swift; sourceTree = "<group>"; };
		64218EBF2C32787100DB22B9 /* SelectPhotos.swift */ = {isa = PBXFileReference; lastKnownFileType = sourcecode.swift; path = SelectPhotos.swift; sourceTree = "<group>"; };
		64218ECA2C32847B00DB22B9 /* TaggingView.swift */ = {isa = PBXFileReference; lastKnownFileType = sourcecode.swift; path = TaggingView.swift; sourceTree = "<group>"; };
		64218ECC2C32884A00DB22B9 /* TagView.swift */ = {isa = PBXFileReference; lastKnownFileType = sourcecode.swift; path = TagView.swift; sourceTree = "<group>"; };
		64218ECF2C32888A00DB22B9 /* Tag.swift */ = {isa = PBXFileReference; lastKnownFileType = sourcecode.swift; path = Tag.swift; sourceTree = "<group>"; };
		64218ED32C33BEB500DB22B9 /* LoginVIew.swift */ = {isa = PBXFileReference; lastKnownFileType = sourcecode.swift; path = LoginVIew.swift; sourceTree = "<group>"; };
		64218ED62C33C07000DB22B9 /* LoginViewModel.swift */ = {isa = PBXFileReference; lastKnownFileType = sourcecode.swift; path = LoginViewModel.swift; sourceTree = "<group>"; };
		64218ED82C33C18F00DB22B9 /* Countries.swift */ = {isa = PBXFileReference; lastKnownFileType = sourcecode.swift; path = Countries.swift; sourceTree = "<group>"; };
		64218EDA2C33C39100DB22B9 /* CostumNumberPad.swift */ = {isa = PBXFileReference; lastKnownFileType = sourcecode.swift; path = CostumNumberPad.swift; sourceTree = "<group>"; };
		64218EDC2C33CA0D00DB22B9 /* Verification.swift */ = {isa = PBXFileReference; lastKnownFileType = sourcecode.swift; path = Verification.swift; sourceTree = "<group>"; };
		64218EE52C33D44300DB22B9 /* GoogleService-Info.plist */ = {isa = PBXFileReference; fileEncoding = 4; lastKnownFileType = text.plist.xml; path = "GoogleService-Info.plist"; sourceTree = "<group>"; };
		64218EE72C33D4E500DB22B9 /* Info.plist */ = {isa = PBXFileReference; lastKnownFileType = text.plist; path = Info.plist; sourceTree = "<group>"; };
		64218EEF2C33D6D700DB22B9 /* AlertView.swift */ = {isa = PBXFileReference; lastKnownFileType = sourcecode.swift; path = AlertView.swift; sourceTree = "<group>"; };
		64218EF32C33DBB100DB22B9 /* Home.swift */ = {isa = PBXFileReference; lastKnownFileType = sourcecode.swift; path = Home.swift; sourceTree = "<group>"; };
		64251CB32BE3698800D8103A /* MulMulMarket.app */ = {isa = PBXFileReference; explicitFileType = wrapper.application; includeInIndex = 0; path = MulMulMarket.app; sourceTree = BUILT_PRODUCTS_DIR; };
		64251CB62BE3698800D8103A /* MulMulMarketApp.swift */ = {isa = PBXFileReference; lastKnownFileType = sourcecode.swift; path = MulMulMarketApp.swift; sourceTree = "<group>"; };
		64251CBA2BE3698C00D8103A /* Assets.xcassets */ = {isa = PBXFileReference; lastKnownFileType = folder.assetcatalog; path = Assets.xcassets; sourceTree = "<group>"; };
		64251CBD2BE3698C00D8103A /* Preview Assets.xcassets */ = {isa = PBXFileReference; lastKnownFileType = folder.assetcatalog; path = "Preview Assets.xcassets"; sourceTree = "<group>"; };
		64251CC32BE3698C00D8103A /* MulMulMarketTests.xctest */ = {isa = PBXFileReference; explicitFileType = wrapper.cfbundle; includeInIndex = 0; path = MulMulMarketTests.xctest; sourceTree = BUILT_PRODUCTS_DIR; };
		64251CC72BE3698C00D8103A /* MulMulMarketTests.swift */ = {isa = PBXFileReference; lastKnownFileType = sourcecode.swift; path = MulMulMarketTests.swift; sourceTree = "<group>"; };
		64251CCD2BE3698C00D8103A /* MulMulMarketUITests.xctest */ = {isa = PBXFileReference; explicitFileType = wrapper.cfbundle; includeInIndex = 0; path = MulMulMarketUITests.xctest; sourceTree = BUILT_PRODUCTS_DIR; };
		64251CD12BE3698C00D8103A /* MulMulMarketUITests.swift */ = {isa = PBXFileReference; lastKnownFileType = sourcecode.swift; path = MulMulMarketUITests.swift; sourceTree = "<group>"; };
		64251CD32BE3698C00D8103A /* MulMulMarketUITestsLaunchTests.swift */ = {isa = PBXFileReference; lastKnownFileType = sourcecode.swift; path = MulMulMarketUITestsLaunchTests.swift; sourceTree = "<group>"; };
		64251CE02BE36ACA00D8103A /* Assets.xcassets */ = {isa = PBXFileReference; lastKnownFileType = folder.assetcatalog; path = Assets.xcassets; sourceTree = "<group>"; };
		64251CE12BE36ACA00D8103A /* Colors.xcassets */ = {isa = PBXFileReference; lastKnownFileType = folder.assetcatalog; path = Colors.xcassets; sourceTree = "<group>"; };
		64251CE22BE36ACA00D8103A /* LaunchScreen.storyboard */ = {isa = PBXFileReference; fileEncoding = 4; lastKnownFileType = file.storyboard; path = LaunchScreen.storyboard; sourceTree = "<group>"; };
		64804BCD2C2818F900931573 /* Launch.storyboard */ = {isa = PBXFileReference; fileEncoding = 4; lastKnownFileType = file.storyboard; path = Launch.storyboard; sourceTree = "<group>"; };
		64804BCF2C28194B00931573 /* Info.plist */ = {isa = PBXFileReference; lastKnownFileType = text.plist; path = Info.plist; sourceTree = "<group>"; };
		64804BD42C281AF500931573 /* ProductData.swift */ = {isa = PBXFileReference; lastKnownFileType = sourcecode.swift; path = ProductData.swift; sourceTree = "<group>"; };
		64804BD62C28240600931573 /* CardView.swift */ = {isa = PBXFileReference; lastKnownFileType = sourcecode.swift; path = CardView.swift; sourceTree = "<group>"; };
		64804BD82C283BC200931573 /* ContentView.swift */ = {isa = PBXFileReference; lastKnownFileType = sourcecode.swift; path = ContentView.swift; sourceTree = "<group>"; };
		64804BDA2C283C6A00931573 /* HeaderView.swift */ = {isa = PBXFileReference; lastKnownFileType = sourcecode.swift; path = HeaderView.swift; sourceTree = "<group>"; };
		64804BDC2C284A8400931573 /* FooterView.swift */ = {isa = PBXFileReference; lastKnownFileType = sourcecode.swift; path = FooterView.swift; sourceTree = "<group>"; };
		64804BDF2C284F3400931573 /* HeaderComponent.swift */ = {isa = PBXFileReference; lastKnownFileType = sourcecode.swift; path = HeaderComponent.swift; sourceTree = "<group>"; };
		64804BE12C285AE000931573 /* GuideComponent.swift */ = {isa = PBXFileReference; lastKnownFileType = sourcecode.swift; path = GuideComponent.swift; sourceTree = "<group>"; };
		64804BE32C285DB300931573 /* GuideView.swift */ = {isa = PBXFileReference; lastKnownFileType = sourcecode.swift; path = GuideView.swift; sourceTree = "<group>"; };
		64804BE52C2942C200931573 /* infoView.swift */ = {isa = PBXFileReference; lastKnownFileType = sourcecode.swift; path = infoView.swift; sourceTree = "<group>"; };
		64804BE72C29441000931573 /* TitleModifier.swift */ = {isa = PBXFileReference; lastKnownFileType = sourcecode.swift; path = TitleModifier.swift; sourceTree = "<group>"; };
		64804BE92C29478B00931573 /* ButtonModifier.swift */ = {isa = PBXFileReference; lastKnownFileType = sourcecode.swift; path = ButtonModifier.swift; sourceTree = "<group>"; };
		64804BEC2C29742000931573 /* sound-click.mp3 */ = {isa = PBXFileReference; lastKnownFileType = audio.mp3; path = "sound-click.mp3"; sourceTree = "<group>"; };
		64804BED2C29742000931573 /* sound-rise.mp3 */ = {isa = PBXFileReference; lastKnownFileType = audio.mp3; path = "sound-rise.mp3"; sourceTree = "<group>"; };
		64804BF32C29BE9900931573 /* SymbolModifier.swift */ = {isa = PBXFileReference; lastKnownFileType = sourcecode.swift; path = SymbolModifier.swift; sourceTree = "<group>"; };
		64804BF62C2A9AA300931573 /* CardTransition.swift */ = {isa = PBXFileReference; lastKnownFileType = sourcecode.swift; path = CardTransition.swift; sourceTree = "<group>"; };
		64804BF92C2A9E9A00931573 /* PlaySound.swift */ = {isa = PBXFileReference; lastKnownFileType = sourcecode.swift; path = PlaySound.swift; sourceTree = "<group>"; };
/* End PBXFileReference section */

/* Begin PBXFrameworksBuildPhase section */
		64251CB02BE3698800D8103A /* Frameworks */ = {
			isa = PBXFrameworksBuildPhase;
			buildActionMask = 2147483647;
			files = (
				64218EEA2C33D51200DB22B9 /* FirebaseAuth in Frameworks */,
				64218EEC2C33D52C00DB22B9 /* FirebaseFirestore in Frameworks */,
				64218EEE2C33D52C00DB22B9 /* FirebaseStorage in Frameworks */,
			);
			runOnlyForDeploymentPostprocessing = 0;
		};
		64251CC02BE3698C00D8103A /* Frameworks */ = {
			isa = PBXFrameworksBuildPhase;
			buildActionMask = 2147483647;
			files = (
			);
			runOnlyForDeploymentPostprocessing = 0;
		};
		64251CCA2BE3698C00D8103A /* Frameworks */ = {
			isa = PBXFrameworksBuildPhase;
			buildActionMask = 2147483647;
			files = (
			);
			runOnlyForDeploymentPostprocessing = 0;
		};
/* End PBXFrameworksBuildPhase section */

/* Begin PBXGroup section */
		64218EAA2C3184C500DB22B9 /* InstagramStory */ = {
			isa = PBXGroup;
			children = (
				64218EB22C318BF600DB22B9 /* LoadingBar.swift */,
				64218EB42C318D8B00DB22B9 /* CountTimer.swift */,
				64218EB62C318DFF00DB22B9 /* StroyDetailView.swift */,
			);
			path = InstagramStory;
			sourceTree = "<group>";
		};
		64218EB82C3269FE00DB22B9 /* MainCardView */ = {
			isa = PBXGroup;
			children = (
				64804BD62C28240600931573 /* CardView.swift */,
				64804BDA2C283C6A00931573 /* HeaderView.swift */,
				64804BDC2C284A8400931573 /* FooterView.swift */,
				64804BE32C285DB300931573 /* GuideView.swift */,
				64804BE52C2942C200931573 /* infoView.swift */,
				64218EB92C326A2200DB22B9 /* MainCardView.swift */,
			);
			path = MainCardView;
			sourceTree = "<group>";
		};
		64218EBB2C3270C600DB22B9 /* ProductUploadView */ = {
			isa = PBXGroup;
			children = (
				64218EC72C32844000DB22B9 /* TaggingView */,
				64218EBD2C32715A00DB22B9 /* ProductUpLoadView.swift */,
				64218EBF2C32787100DB22B9 /* SelectPhotos.swift */,
			);
			path = ProductUploadView;
			sourceTree = "<group>";
		};
		64218EC72C32844000DB22B9 /* TaggingView */ = {
			isa = PBXGroup;
			children = (
				64218ECE2C32887E00DB22B9 /* Model */,
				64218ECA2C32847B00DB22B9 /* TaggingView.swift */,
				64218ECC2C32884A00DB22B9 /* TagView.swift */,
			);
			path = TaggingView;
			sourceTree = "<group>";
		};
		64218ECE2C32887E00DB22B9 /* Model */ = {
			isa = PBXGroup;
			children = (
				64218ECF2C32888A00DB22B9 /* Tag.swift */,
			);
			path = Model;
			sourceTree = "<group>";
		};
		64218ED12C33BE6B00DB22B9 /* Login */ = {
			isa = PBXGroup;
			children = (
				64218ED52C33C03300DB22B9 /* ViewModel */,
				64218ED32C33BEB500DB22B9 /* LoginVIew.swift */,
				64218EDA2C33C39100DB22B9 /* CostumNumberPad.swift */,
				64218EDC2C33CA0D00DB22B9 /* Verification.swift */,
				64218EEF2C33D6D700DB22B9 /* AlertView.swift */,
				64218EF32C33DBB100DB22B9 /* Home.swift */,
			);
			path = Login;
			sourceTree = "<group>";
		};
		64218ED52C33C03300DB22B9 /* ViewModel */ = {
			isa = PBXGroup;
			children = (
				64218ED62C33C07000DB22B9 /* LoginViewModel.swift */,
			);
			path = ViewModel;
			sourceTree = "<group>";
		};
		64218EE82C33D51200DB22B9 /* Frameworks */ = {
			isa = PBXGroup;
			children = (
			);
			name = Frameworks;
			sourceTree = "<group>";
		};
		64251CAA2BE3698800D8103A = {
			isa = PBXGroup;
			children = (
				64251CB52BE3698800D8103A /* MulMulMarket */,
				64804BCD2C2818F900931573 /* Launch.storyboard */,
				64251CC62BE3698C00D8103A /* MulMulMarketTests */,
				64251CD02BE3698C00D8103A /* MulMulMarketUITests */,
				64251CB42BE3698800D8103A /* Products */,
				64218EE82C33D51200DB22B9 /* Frameworks */,
			);
			sourceTree = "<group>";
		};
		64251CB42BE3698800D8103A /* Products */ = {
			isa = PBXGroup;
			children = (
				64251CB32BE3698800D8103A /* MulMulMarket.app */,
				64251CC32BE3698C00D8103A /* MulMulMarketTests.xctest */,
				64251CCD2BE3698C00D8103A /* MulMulMarketUITests.xctest */,
			);
			name = Products;
			sourceTree = "<group>";
		};
		64251CB52BE3698800D8103A /* MulMulMarket */ = {
			isa = PBXGroup;
			children = (
				64218EE72C33D4E500DB22B9 /* Info.plist */,
				64804BF82C2A9E5C00931573 /* Helper */,
				64804BF52C2A9A1200931573 /* Extension */,
				64804BEB2C29482600931573 /* Modifier */,
				64804BDE2C284F1600931573 /* Component */,
				64804BD32C281AE500931573 /* Data */,
				64804BD02C281A0400931573 /* Model */,
				6496D35A2BE36EBC0078C247 /* View */,
				64251CB62BE3698800D8103A /* MulMulMarketApp.swift */,
				64804BD82C283BC200931573 /* ContentView.swift */,
				64251CBA2BE3698C00D8103A /* Assets.xcassets */,
				64218EE52C33D44300DB22B9 /* GoogleService-Info.plist */,
				64251CBC2BE3698C00D8103A /* Preview Content */,
				64804BEE2C29742000931573 /* Sound */,
				64251CE32BE36ACA00D8103A /* Resource */,
			);
			path = MulMulMarket;
			sourceTree = "<group>";
		};
		64251CBC2BE3698C00D8103A /* Preview Content */ = {
			isa = PBXGroup;
			children = (
				64251CBD2BE3698C00D8103A /* Preview Assets.xcassets */,
			);
			path = "Preview Content";
			sourceTree = "<group>";
		};
		64251CC62BE3698C00D8103A /* MulMulMarketTests */ = {
			isa = PBXGroup;
			children = (
				64251CC72BE3698C00D8103A /* MulMulMarketTests.swift */,
			);
			path = MulMulMarketTests;
			sourceTree = "<group>";
		};
		64251CD02BE3698C00D8103A /* MulMulMarketUITests */ = {
			isa = PBXGroup;
			children = (
				64804BCF2C28194B00931573 /* Info.plist */,
				64251CD12BE3698C00D8103A /* MulMulMarketUITests.swift */,
				64251CD32BE3698C00D8103A /* MulMulMarketUITestsLaunchTests.swift */,
			);
			path = MulMulMarketUITests;
			sourceTree = "<group>";
		};
		64251CE32BE36ACA00D8103A /* Resource */ = {
			isa = PBXGroup;
			children = (
				64251CE02BE36ACA00D8103A /* Assets.xcassets */,
				64251CE12BE36ACA00D8103A /* Colors.xcassets */,
				64251CE22BE36ACA00D8103A /* LaunchScreen.storyboard */,
			);
			path = Resource;
			sourceTree = "<group>";
		};
		64804BD02C281A0400931573 /* Model */ = {
			isa = PBXGroup;
			children = (
			);
			path = Model;
			sourceTree = "<group>";
		};
		64804BD32C281AE500931573 /* Data */ = {
			isa = PBXGroup;
			children = (
				64804BD42C281AF500931573 /* ProductData.swift */,
			);
			path = Data;
			sourceTree = "<group>";
		};
		64804BDE2C284F1600931573 /* Component */ = {
			isa = PBXGroup;
			children = (
				64804BDF2C284F3400931573 /* HeaderComponent.swift */,
				64804BE12C285AE000931573 /* GuideComponent.swift */,
			);
			path = Component;
			sourceTree = "<group>";
		};
		64804BEB2C29482600931573 /* Modifier */ = {
			isa = PBXGroup;
			children = (
				64804BE92C29478B00931573 /* ButtonModifier.swift */,
				64804BE72C29441000931573 /* TitleModifier.swift */,
				64804BF32C29BE9900931573 /* SymbolModifier.swift */,
			);
			path = Modifier;
			sourceTree = "<group>";
		};
		64804BEE2C29742000931573 /* Sound */ = {
			isa = PBXGroup;
			children = (
				64804BEC2C29742000931573 /* sound-click.mp3 */,
				64804BED2C29742000931573 /* sound-rise.mp3 */,
			);
			path = Sound;
			sourceTree = "<group>";
		};
		64804BF52C2A9A1200931573 /* Extension */ = {
			isa = PBXGroup;
			children = (
				64804BF62C2A9AA300931573 /* CardTransition.swift */,
			);
			path = Extension;
			sourceTree = "<group>";
		};
		64804BF82C2A9E5C00931573 /* Helper */ = {
			isa = PBXGroup;
			children = (
				64804BF92C2A9E9A00931573 /* PlaySound.swift */,
				64218ED82C33C18F00DB22B9 /* Countries.swift */,
			);
			path = Helper;
			sourceTree = "<group>";
		};
		6496D35A2BE36EBC0078C247 /* View */ = {
			isa = PBXGroup;
			children = (
				64218ED12C33BE6B00DB22B9 /* Login */,
				64218EBB2C3270C600DB22B9 /* ProductUploadView */,
				64218EB82C3269FE00DB22B9 /* MainCardView */,
				64218EAA2C3184C500DB22B9 /* InstagramStory */,
			);
			path = View;
			sourceTree = "<group>";
		};
/* End PBXGroup section */

/* Begin PBXNativeTarget section */
		64251CB22BE3698800D8103A /* MulMulMarket */ = {
			isa = PBXNativeTarget;
			buildConfigurationList = 64251CD72BE3698C00D8103A /* Build configuration list for PBXNativeTarget "MulMulMarket" */;
			buildPhases = (
				64251CAF2BE3698800D8103A /* Sources */,
				64251CB02BE3698800D8103A /* Frameworks */,
				64251CB12BE3698800D8103A /* Resources */,
			);
			buildRules = (
			);
			dependencies = (
			);
			name = MulMulMarket;
			packageProductDependencies = (
				64218EE92C33D51200DB22B9 /* FirebaseAuth */,
				64218EEB2C33D52C00DB22B9 /* FirebaseFirestore */,
				64218EED2C33D52C00DB22B9 /* FirebaseStorage */,
			);
			productName = MulMulMarket;
			productReference = 64251CB32BE3698800D8103A /* MulMulMarket.app */;
			productType = "com.apple.product-type.application";
		};
		64251CC22BE3698C00D8103A /* MulMulMarketTests */ = {
			isa = PBXNativeTarget;
			buildConfigurationList = 64251CDA2BE3698C00D8103A /* Build configuration list for PBXNativeTarget "MulMulMarketTests" */;
			buildPhases = (
				64251CBF2BE3698C00D8103A /* Sources */,
				64251CC02BE3698C00D8103A /* Frameworks */,
				64251CC12BE3698C00D8103A /* Resources */,
			);
			buildRules = (
			);
			dependencies = (
				64251CC52BE3698C00D8103A /* PBXTargetDependency */,
			);
			name = MulMulMarketTests;
			productName = MulMulMarketTests;
			productReference = 64251CC32BE3698C00D8103A /* MulMulMarketTests.xctest */;
			productType = "com.apple.product-type.bundle.unit-test";
		};
		64251CCC2BE3698C00D8103A /* MulMulMarketUITests */ = {
			isa = PBXNativeTarget;
			buildConfigurationList = 64251CDD2BE3698C00D8103A /* Build configuration list for PBXNativeTarget "MulMulMarketUITests" */;
			buildPhases = (
				64251CC92BE3698C00D8103A /* Sources */,
				64251CCA2BE3698C00D8103A /* Frameworks */,
				64251CCB2BE3698C00D8103A /* Resources */,
			);
			buildRules = (
			);
			dependencies = (
				64251CCF2BE3698C00D8103A /* PBXTargetDependency */,
			);
			name = MulMulMarketUITests;
			productName = MulMulMarketUITests;
			productReference = 64251CCD2BE3698C00D8103A /* MulMulMarketUITests.xctest */;
			productType = "com.apple.product-type.bundle.ui-testing";
		};
/* End PBXNativeTarget section */

/* Begin PBXProject section */
		64251CAB2BE3698800D8103A /* Project object */ = {
			isa = PBXProject;
			attributes = {
				BuildIndependentTargetsInParallel = 1;
				LastSwiftUpdateCheck = 1530;
				LastUpgradeCheck = 1530;
				TargetAttributes = {
					64251CB22BE3698800D8103A = {
						CreatedOnToolsVersion = 15.3;
					};
					64251CC22BE3698C00D8103A = {
						CreatedOnToolsVersion = 15.3;
						TestTargetID = 64251CB22BE3698800D8103A;
					};
					64251CCC2BE3698C00D8103A = {
						CreatedOnToolsVersion = 15.3;
						TestTargetID = 64251CB22BE3698800D8103A;
					};
				};
			};
			buildConfigurationList = 64251CAE2BE3698800D8103A /* Build configuration list for PBXProject "MulMulMarket" */;
			compatibilityVersion = "Xcode 14.0";
			developmentRegion = en;
			hasScannedForEncodings = 0;
			knownRegions = (
				en,
				Base,
			);
			mainGroup = 64251CAA2BE3698800D8103A;
			packageReferences = (
				64218EE02C33D27D00DB22B9 /* XCRemoteSwiftPackageReference "firebase-ios-sdk" */,
			);
			productRefGroup = 64251CB42BE3698800D8103A /* Products */;
			projectDirPath = "";
			projectRoot = "";
			targets = (
				64251CB22BE3698800D8103A /* MulMulMarket */,
				64251CC22BE3698C00D8103A /* MulMulMarketTests */,
				64251CCC2BE3698C00D8103A /* MulMulMarketUITests */,
			);
		};
/* End PBXProject section */

/* Begin PBXResourcesBuildPhase section */
		64251CB12BE3698800D8103A /* Resources */ = {
			isa = PBXResourcesBuildPhase;
			buildActionMask = 2147483647;
			files = (
				64251CBE2BE3698C00D8103A /* Preview Assets.xcassets in Resources */,
				64804BEF2C29742000931573 /* sound-click.mp3 in Resources */,
				64251CE52BE36ACB00D8103A /* Colors.xcassets in Resources */,
				64804BF02C29742000931573 /* sound-rise.mp3 in Resources */,
				64251CE42BE36ACB00D8103A /* Assets.xcassets in Resources */,
				64251CE62BE36ACB00D8103A /* LaunchScreen.storyboard in Resources */,
				64218EE62C33D44300DB22B9 /* GoogleService-Info.plist in Resources */,
				64251CBB2BE3698C00D8103A /* Assets.xcassets in Resources */,
			);
			runOnlyForDeploymentPostprocessing = 0;
		};
		64251CC12BE3698C00D8103A /* Resources */ = {
			isa = PBXResourcesBuildPhase;
			buildActionMask = 2147483647;
			files = (
			);
			runOnlyForDeploymentPostprocessing = 0;
		};
		64251CCB2BE3698C00D8103A /* Resources */ = {
			isa = PBXResourcesBuildPhase;
			buildActionMask = 2147483647;
			files = (
				64804C022C2AA21900931573 /* sound-click.mp3 in Resources */,
				64804C032C2AA21900931573 /* sound-rise.mp3 in Resources */,
				64804BCE2C2818F900931573 /* Launch.storyboard in Resources */,
			);
			runOnlyForDeploymentPostprocessing = 0;
		};
/* End PBXResourcesBuildPhase section */

/* Begin PBXSourcesBuildPhase section */
		64251CAF2BE3698800D8103A /* Sources */ = {
			isa = PBXSourcesBuildPhase;
			buildActionMask = 2147483647;
			files = (
				64218ECB2C32847C00DB22B9 /* TaggingView.swift in Sources */,
				64251CB72BE3698800D8103A /* MulMulMarketApp.swift in Sources */,
				64804BDD2C284A8400931573 /* FooterView.swift in Sources */,
				64218EC02C32787100DB22B9 /* SelectPhotos.swift in Sources */,
				64218EF02C33D6D700DB22B9 /* AlertView.swift in Sources */,
				64218EDD2C33CA0D00DB22B9 /* Verification.swift in Sources */,
				64218EB32C318BF600DB22B9 /* LoadingBar.swift in Sources */,
				64804BE82C29441000931573 /* TitleModifier.swift in Sources */,
				64804BDB2C283C6A00931573 /* HeaderView.swift in Sources */,
				64218ED02C32888A00DB22B9 /* Tag.swift in Sources */,
				64218ED72C33C07100DB22B9 /* LoginViewModel.swift in Sources */,
				64218ED42C33BEB500DB22B9 /* LoginVIew.swift in Sources */,
				64804BF72C2A9AA300931573 /* CardTransition.swift in Sources */,
				64804BF42C29BE9A00931573 /* SymbolModifier.swift in Sources */,
				64218EF42C33DBB100DB22B9 /* Home.swift in Sources */,
				64218EBE2C32715A00DB22B9 /* ProductUpLoadView.swift in Sources */,
				64218EDB2C33C39100DB22B9 /* CostumNumberPad.swift in Sources */,
				64804BE62C2942C200931573 /* infoView.swift in Sources */,
				64218EB72C318DFF00DB22B9 /* StroyDetailView.swift in Sources */,
				64804BD92C283BC200931573 /* ContentView.swift in Sources */,
				64804BEA2C29478B00931573 /* ButtonModifier.swift in Sources */,
				64804BFA2C2A9E9A00931573 /* PlaySound.swift in Sources */,
				64804BE02C284F3500931573 /* HeaderComponent.swift in Sources */,
				64218EB52C318D8B00DB22B9 /* CountTimer.swift in Sources */,
				64804BD72C28240600931573 /* CardView.swift in Sources */,
				64804BD52C281AF500931573 /* ProductData.swift in Sources */,
				64218ED92C33C18F00DB22B9 /* Countries.swift in Sources */,
				64804BE22C285AE000931573 /* GuideComponent.swift in Sources */,
				64804BE42C285DB300931573 /* GuideView.swift in Sources */,
				64218EBA2C326A2200DB22B9 /* MainCardView.swift in Sources */,
				64218ECD2C32884A00DB22B9 /* TagView.swift in Sources */,
			);
			runOnlyForDeploymentPostprocessing = 0;
		};
		64251CBF2BE3698C00D8103A /* Sources */ = {
			isa = PBXSourcesBuildPhase;
			buildActionMask = 2147483647;
			files = (
				64251CC82BE3698C00D8103A /* MulMulMarketTests.swift in Sources */,
			);
			runOnlyForDeploymentPostprocessing = 0;
		};
		64251CC92BE3698C00D8103A /* Sources */ = {
			isa = PBXSourcesBuildPhase;
			buildActionMask = 2147483647;
			files = (
				64251CD42BE3698C00D8103A /* MulMulMarketUITestsLaunchTests.swift in Sources */,
				64251CD22BE3698C00D8103A /* MulMulMarketUITests.swift in Sources */,
			);
			runOnlyForDeploymentPostprocessing = 0;
		};
/* End PBXSourcesBuildPhase section */

/* Begin PBXTargetDependency section */
		64251CC52BE3698C00D8103A /* PBXTargetDependency */ = {
			isa = PBXTargetDependency;
			target = 64251CB22BE3698800D8103A /* MulMulMarket */;
			targetProxy = 64251CC42BE3698C00D8103A /* PBXContainerItemProxy */;
		};
		64251CCF2BE3698C00D8103A /* PBXTargetDependency */ = {
			isa = PBXTargetDependency;
			target = 64251CB22BE3698800D8103A /* MulMulMarket */;
			targetProxy = 64251CCE2BE3698C00D8103A /* PBXContainerItemProxy */;
		};
/* End PBXTargetDependency section */

/* Begin XCBuildConfiguration section */
		64251CD52BE3698C00D8103A /* Debug */ = {
			isa = XCBuildConfiguration;
			buildSettings = {
				ALWAYS_SEARCH_USER_PATHS = NO;
				ASSETCATALOG_COMPILER_GENERATE_SWIFT_ASSET_SYMBOL_EXTENSIONS = YES;
				CLANG_ANALYZER_NONNULL = YES;
				CLANG_ANALYZER_NUMBER_OBJECT_CONVERSION = YES_AGGRESSIVE;
				CLANG_CXX_LANGUAGE_STANDARD = "gnu++20";
				CLANG_ENABLE_MODULES = YES;
				CLANG_ENABLE_OBJC_ARC = YES;
				CLANG_ENABLE_OBJC_WEAK = YES;
				CLANG_WARN_BLOCK_CAPTURE_AUTORELEASING = YES;
				CLANG_WARN_BOOL_CONVERSION = YES;
				CLANG_WARN_COMMA = YES;
				CLANG_WARN_CONSTANT_CONVERSION = YES;
				CLANG_WARN_DEPRECATED_OBJC_IMPLEMENTATIONS = YES;
				CLANG_WARN_DIRECT_OBJC_ISA_USAGE = YES_ERROR;
				CLANG_WARN_DOCUMENTATION_COMMENTS = YES;
				CLANG_WARN_EMPTY_BODY = YES;
				CLANG_WARN_ENUM_CONVERSION = YES;
				CLANG_WARN_INFINITE_RECURSION = YES;
				CLANG_WARN_INT_CONVERSION = YES;
				CLANG_WARN_NON_LITERAL_NULL_CONVERSION = YES;
				CLANG_WARN_OBJC_IMPLICIT_RETAIN_SELF = YES;
				CLANG_WARN_OBJC_LITERAL_CONVERSION = YES;
				CLANG_WARN_OBJC_ROOT_CLASS = YES_ERROR;
				CLANG_WARN_QUOTED_INCLUDE_IN_FRAMEWORK_HEADER = YES;
				CLANG_WARN_RANGE_LOOP_ANALYSIS = YES;
				CLANG_WARN_STRICT_PROTOTYPES = YES;
				CLANG_WARN_SUSPICIOUS_MOVE = YES;
				CLANG_WARN_UNGUARDED_AVAILABILITY = YES_AGGRESSIVE;
				CLANG_WARN_UNREACHABLE_CODE = YES;
				CLANG_WARN__DUPLICATE_METHOD_MATCH = YES;
				COPY_PHASE_STRIP = NO;
				DEBUG_INFORMATION_FORMAT = dwarf;
				ENABLE_STRICT_OBJC_MSGSEND = YES;
				ENABLE_TESTABILITY = YES;
				ENABLE_USER_SCRIPT_SANDBOXING = YES;
				GCC_C_LANGUAGE_STANDARD = gnu17;
				GCC_DYNAMIC_NO_PIC = NO;
				GCC_NO_COMMON_BLOCKS = YES;
				GCC_OPTIMIZATION_LEVEL = 0;
				GCC_PREPROCESSOR_DEFINITIONS = (
					"DEBUG=1",
					"$(inherited)",
				);
				GCC_WARN_64_TO_32_BIT_CONVERSION = YES;
				GCC_WARN_ABOUT_RETURN_TYPE = YES_ERROR;
				GCC_WARN_UNDECLARED_SELECTOR = YES;
				GCC_WARN_UNINITIALIZED_AUTOS = YES_AGGRESSIVE;
				GCC_WARN_UNUSED_FUNCTION = YES;
				GCC_WARN_UNUSED_VARIABLE = YES;
				IPHONEOS_DEPLOYMENT_TARGET = 17.4;
				LOCALIZATION_PREFERS_STRING_CATALOGS = YES;
				MTL_ENABLE_DEBUG_INFO = INCLUDE_SOURCE;
				MTL_FAST_MATH = YES;
				ONLY_ACTIVE_ARCH = YES;
				SDKROOT = iphoneos;
				SWIFT_ACTIVE_COMPILATION_CONDITIONS = "DEBUG $(inherited)";
				SWIFT_OPTIMIZATION_LEVEL = "-Onone";
			};
			name = Debug;
		};
		64251CD62BE3698C00D8103A /* Release */ = {
			isa = XCBuildConfiguration;
			buildSettings = {
				ALWAYS_SEARCH_USER_PATHS = NO;
				ASSETCATALOG_COMPILER_GENERATE_SWIFT_ASSET_SYMBOL_EXTENSIONS = YES;
				CLANG_ANALYZER_NONNULL = YES;
				CLANG_ANALYZER_NUMBER_OBJECT_CONVERSION = YES_AGGRESSIVE;
				CLANG_CXX_LANGUAGE_STANDARD = "gnu++20";
				CLANG_ENABLE_MODULES = YES;
				CLANG_ENABLE_OBJC_ARC = YES;
				CLANG_ENABLE_OBJC_WEAK = YES;
				CLANG_WARN_BLOCK_CAPTURE_AUTORELEASING = YES;
				CLANG_WARN_BOOL_CONVERSION = YES;
				CLANG_WARN_COMMA = YES;
				CLANG_WARN_CONSTANT_CONVERSION = YES;
				CLANG_WARN_DEPRECATED_OBJC_IMPLEMENTATIONS = YES;
				CLANG_WARN_DIRECT_OBJC_ISA_USAGE = YES_ERROR;
				CLANG_WARN_DOCUMENTATION_COMMENTS = YES;
				CLANG_WARN_EMPTY_BODY = YES;
				CLANG_WARN_ENUM_CONVERSION = YES;
				CLANG_WARN_INFINITE_RECURSION = YES;
				CLANG_WARN_INT_CONVERSION = YES;
				CLANG_WARN_NON_LITERAL_NULL_CONVERSION = YES;
				CLANG_WARN_OBJC_IMPLICIT_RETAIN_SELF = YES;
				CLANG_WARN_OBJC_LITERAL_CONVERSION = YES;
				CLANG_WARN_OBJC_ROOT_CLASS = YES_ERROR;
				CLANG_WARN_QUOTED_INCLUDE_IN_FRAMEWORK_HEADER = YES;
				CLANG_WARN_RANGE_LOOP_ANALYSIS = YES;
				CLANG_WARN_STRICT_PROTOTYPES = YES;
				CLANG_WARN_SUSPICIOUS_MOVE = YES;
				CLANG_WARN_UNGUARDED_AVAILABILITY = YES_AGGRESSIVE;
				CLANG_WARN_UNREACHABLE_CODE = YES;
				CLANG_WARN__DUPLICATE_METHOD_MATCH = YES;
				COPY_PHASE_STRIP = NO;
				DEBUG_INFORMATION_FORMAT = "dwarf-with-dsym";
				ENABLE_NS_ASSERTIONS = NO;
				ENABLE_STRICT_OBJC_MSGSEND = YES;
				ENABLE_USER_SCRIPT_SANDBOXING = YES;
				GCC_C_LANGUAGE_STANDARD = gnu17;
				GCC_NO_COMMON_BLOCKS = YES;
				GCC_WARN_64_TO_32_BIT_CONVERSION = YES;
				GCC_WARN_ABOUT_RETURN_TYPE = YES_ERROR;
				GCC_WARN_UNDECLARED_SELECTOR = YES;
				GCC_WARN_UNINITIALIZED_AUTOS = YES_AGGRESSIVE;
				GCC_WARN_UNUSED_FUNCTION = YES;
				GCC_WARN_UNUSED_VARIABLE = YES;
				IPHONEOS_DEPLOYMENT_TARGET = 17.4;
				LOCALIZATION_PREFERS_STRING_CATALOGS = YES;
				MTL_ENABLE_DEBUG_INFO = NO;
				MTL_FAST_MATH = YES;
				SDKROOT = iphoneos;
				SWIFT_COMPILATION_MODE = wholemodule;
				VALIDATE_PRODUCT = YES;
			};
			name = Release;
		};
		64251CD82BE3698C00D8103A /* Debug */ = {
			isa = XCBuildConfiguration;
			buildSettings = {
				ASSETCATALOG_COMPILER_APPICON_NAME = AppIcon;
				ASSETCATALOG_COMPILER_GLOBAL_ACCENT_COLOR_NAME = AccentColor;
				CODE_SIGN_STYLE = Automatic;
				CURRENT_PROJECT_VERSION = 1;
				DEVELOPMENT_ASSET_PATHS = "\"MulMulMarket/Preview Content\"";
				DEVELOPMENT_TEAM = 9S8KMMC3YH;
				ENABLE_PREVIEWS = YES;
				GENERATE_INFOPLIST_FILE = YES;
				INFOPLIST_FILE = MulMulMarket/Info.plist;
				INFOPLIST_KEY_UIApplicationSceneManifest_Generation = YES;
				INFOPLIST_KEY_UIApplicationSupportsIndirectInputEvents = YES;
				INFOPLIST_KEY_UILaunchStoryboardName = LaunchScreen;
				INFOPLIST_KEY_UISupportedInterfaceOrientations = UIInterfaceOrientationPortrait;
				IPHONEOS_DEPLOYMENT_TARGET = 17.0;
				LD_RUNPATH_SEARCH_PATHS = (
					"$(inherited)",
					"@executable_path/Frameworks",
				);
				MARKETING_VERSION = 1.0;
				PRODUCT_BUNDLE_IDENTIFIER = com.woogie.MulMulMarket;
				PRODUCT_NAME = "$(TARGET_NAME)";
				SUPPORTED_PLATFORMS = "iphoneos iphonesimulator";
				SUPPORTS_MACCATALYST = NO;
				SUPPORTS_MAC_DESIGNED_FOR_IPHONE_IPAD = NO;
				SUPPORTS_XR_DESIGNED_FOR_IPHONE_IPAD = NO;
				SWIFT_EMIT_LOC_STRINGS = YES;
				SWIFT_VERSION = 5.0;
				TARGETED_DEVICE_FAMILY = "1,2";
			};
			name = Debug;
		};
		64251CD92BE3698C00D8103A /* Release */ = {
			isa = XCBuildConfiguration;
			buildSettings = {
				ASSETCATALOG_COMPILER_APPICON_NAME = AppIcon;
				ASSETCATALOG_COMPILER_GLOBAL_ACCENT_COLOR_NAME = AccentColor;
				CODE_SIGN_STYLE = Automatic;
				CURRENT_PROJECT_VERSION = 1;
				DEVELOPMENT_ASSET_PATHS = "\"MulMulMarket/Preview Content\"";
				DEVELOPMENT_TEAM = 9S8KMMC3YH;
				ENABLE_PREVIEWS = YES;
				GENERATE_INFOPLIST_FILE = YES;
				INFOPLIST_FILE = MulMulMarket/Info.plist;
				INFOPLIST_KEY_UIApplicationSceneManifest_Generation = YES;
				INFOPLIST_KEY_UIApplicationSupportsIndirectInputEvents = YES;
				INFOPLIST_KEY_UILaunchStoryboardName = LaunchScreen;
				INFOPLIST_KEY_UISupportedInterfaceOrientations = UIInterfaceOrientationPortrait;
				IPHONEOS_DEPLOYMENT_TARGET = 17.0;
				LD_RUNPATH_SEARCH_PATHS = (
					"$(inherited)",
					"@executable_path/Frameworks",
				);
				MARKETING_VERSION = 1.0;
				PRODUCT_BUNDLE_IDENTIFIER = com.woogie.MulMulMarket;
				PRODUCT_NAME = "$(TARGET_NAME)";
				SUPPORTED_PLATFORMS = "iphoneos iphonesimulator";
				SUPPORTS_MACCATALYST = NO;
				SUPPORTS_MAC_DESIGNED_FOR_IPHONE_IPAD = NO;
				SUPPORTS_XR_DESIGNED_FOR_IPHONE_IPAD = NO;
				SWIFT_EMIT_LOC_STRINGS = YES;
				SWIFT_VERSION = 5.0;
				TARGETED_DEVICE_FAMILY = "1,2";
			};
			name = Release;
		};
		64251CDB2BE3698C00D8103A /* Debug */ = {
			isa = XCBuildConfiguration;
			buildSettings = {
				ALWAYS_EMBED_SWIFT_STANDARD_LIBRARIES = YES;
				BUNDLE_LOADER = "$(TEST_HOST)";
				CODE_SIGN_STYLE = Automatic;
				CURRENT_PROJECT_VERSION = 1;
				DEVELOPMENT_TEAM = 9S8KMMC3YH;
				GENERATE_INFOPLIST_FILE = YES;
				IPHONEOS_DEPLOYMENT_TARGET = 17.4;
				MARKETING_VERSION = 1.0;
				PRODUCT_BUNDLE_IDENTIFIER = com.woogie.MulMulMarketTests;
				PRODUCT_NAME = "$(TARGET_NAME)";
				SWIFT_EMIT_LOC_STRINGS = NO;
				SWIFT_VERSION = 5.0;
				TARGETED_DEVICE_FAMILY = "1,2";
				TEST_HOST = "$(BUILT_PRODUCTS_DIR)/MulMulMarket.app/$(BUNDLE_EXECUTABLE_FOLDER_PATH)/MulMulMarket";
			};
			name = Debug;
		};
		64251CDC2BE3698C00D8103A /* Release */ = {
			isa = XCBuildConfiguration;
			buildSettings = {
				ALWAYS_EMBED_SWIFT_STANDARD_LIBRARIES = YES;
				BUNDLE_LOADER = "$(TEST_HOST)";
				CODE_SIGN_STYLE = Automatic;
				CURRENT_PROJECT_VERSION = 1;
				DEVELOPMENT_TEAM = 9S8KMMC3YH;
				GENERATE_INFOPLIST_FILE = YES;
				IPHONEOS_DEPLOYMENT_TARGET = 17.4;
				MARKETING_VERSION = 1.0;
				PRODUCT_BUNDLE_IDENTIFIER = com.woogie.MulMulMarketTests;
				PRODUCT_NAME = "$(TARGET_NAME)";
				SWIFT_EMIT_LOC_STRINGS = NO;
				SWIFT_VERSION = 5.0;
				TARGETED_DEVICE_FAMILY = "1,2";
				TEST_HOST = "$(BUILT_PRODUCTS_DIR)/MulMulMarket.app/$(BUNDLE_EXECUTABLE_FOLDER_PATH)/MulMulMarket";
			};
			name = Release;
		};
		64251CDE2BE3698C00D8103A /* Debug */ = {
			isa = XCBuildConfiguration;
			buildSettings = {
				ALWAYS_EMBED_SWIFT_STANDARD_LIBRARIES = YES;
				CODE_SIGN_STYLE = Automatic;
				CURRENT_PROJECT_VERSION = 1;
				DEVELOPMENT_TEAM = 9S8KMMC3YH;
				GENERATE_INFOPLIST_FILE = YES;
				INFOPLIST_FILE = MulMulMarketUITests/Info.plist;
				INFOPLIST_KEY_UILaunchStoryboardName = Launch;
				MARKETING_VERSION = 1.0;
				PRODUCT_BUNDLE_IDENTIFIER = com.woogie.MulMulMarket;
				PRODUCT_NAME = "$(TARGET_NAME)";
				SWIFT_EMIT_LOC_STRINGS = NO;
				SWIFT_VERSION = 5.0;
				TARGETED_DEVICE_FAMILY = "1,2";
				TEST_TARGET_NAME = MulMulMarket;
			};
			name = Debug;
		};
		64251CDF2BE3698C00D8103A /* Release */ = {
			isa = XCBuildConfiguration;
			buildSettings = {
				ALWAYS_EMBED_SWIFT_STANDARD_LIBRARIES = YES;
				CODE_SIGN_STYLE = Automatic;
				CURRENT_PROJECT_VERSION = 1;
				DEVELOPMENT_TEAM = 9S8KMMC3YH;
				GENERATE_INFOPLIST_FILE = YES;
				INFOPLIST_FILE = MulMulMarketUITests/Info.plist;
				INFOPLIST_KEY_UILaunchStoryboardName = Launch;
				MARKETING_VERSION = 1.0;
				PRODUCT_BUNDLE_IDENTIFIER = com.woogie.MulMulMarket;
				PRODUCT_NAME = "$(TARGET_NAME)";
				SWIFT_EMIT_LOC_STRINGS = NO;
				SWIFT_VERSION = 5.0;
				TARGETED_DEVICE_FAMILY = "1,2";
				TEST_TARGET_NAME = MulMulMarket;
			};
			name = Release;
		};
/* End XCBuildConfiguration section */

/* Begin XCConfigurationList section */
		64251CAE2BE3698800D8103A /* Build configuration list for PBXProject "MulMulMarket" */ = {
			isa = XCConfigurationList;
			buildConfigurations = (
				64251CD52BE3698C00D8103A /* Debug */,
				64251CD62BE3698C00D8103A /* Release */,
			);
			defaultConfigurationIsVisible = 0;
			defaultConfigurationName = Release;
		};
		64251CD72BE3698C00D8103A /* Build configuration list for PBXNativeTarget "MulMulMarket" */ = {
			isa = XCConfigurationList;
			buildConfigurations = (
				64251CD82BE3698C00D8103A /* Debug */,
				64251CD92BE3698C00D8103A /* Release */,
			);
			defaultConfigurationIsVisible = 0;
			defaultConfigurationName = Release;
		};
		64251CDA2BE3698C00D8103A /* Build configuration list for PBXNativeTarget "MulMulMarketTests" */ = {
			isa = XCConfigurationList;
			buildConfigurations = (
				64251CDB2BE3698C00D8103A /* Debug */,
				64251CDC2BE3698C00D8103A /* Release */,
			);
			defaultConfigurationIsVisible = 0;
			defaultConfigurationName = Release;
		};
		64251CDD2BE3698C00D8103A /* Build configuration list for PBXNativeTarget "MulMulMarketUITests" */ = {
			isa = XCConfigurationList;
			buildConfigurations = (
				64251CDE2BE3698C00D8103A /* Debug */,
				64251CDF2BE3698C00D8103A /* Release */,
			);
			defaultConfigurationIsVisible = 0;
			defaultConfigurationName = Release;
		};
/* End XCConfigurationList section */

/* Begin XCRemoteSwiftPackageReference section */
		64218EE02C33D27D00DB22B9 /* XCRemoteSwiftPackageReference "firebase-ios-sdk" */ = {
			isa = XCRemoteSwiftPackageReference;
			repositoryURL = "https://github.com/firebase/firebase-ios-sdk";
			requirement = {
				kind = upToNextMajorVersion;
				minimumVersion = 10.28.1;
			};
		};
/* End XCRemoteSwiftPackageReference section */

/* Begin XCSwiftPackageProductDependency section */
		64218EE92C33D51200DB22B9 /* FirebaseAuth */ = {
			isa = XCSwiftPackageProductDependency;
			package = 64218EE02C33D27D00DB22B9 /* XCRemoteSwiftPackageReference "firebase-ios-sdk" */;
			productName = FirebaseAuth;
		};
		64218EEB2C33D52C00DB22B9 /* FirebaseFirestore */ = {
			isa = XCSwiftPackageProductDependency;
			package = 64218EE02C33D27D00DB22B9 /* XCRemoteSwiftPackageReference "firebase-ios-sdk" */;
			productName = FirebaseFirestore;
		};
		64218EED2C33D52C00DB22B9 /* FirebaseStorage */ = {
			isa = XCSwiftPackageProductDependency;
			package = 64218EE02C33D27D00DB22B9 /* XCRemoteSwiftPackageReference "firebase-ios-sdk" */;
			productName = FirebaseStorage;
		};
/* End XCSwiftPackageProductDependency section */
	};
	rootObject = 64251CAB2BE3698800D8103A /* Project object */;
}
